
Microsoft Visual Studio Solution File, Format Version 12.00
# Visual Studio Version 17
VisualStudioVersion = 17.5.2.0
MinimumVisualStudioVersion = 10.0.40219.1
Project("{2150E333-8FDC-42A3-9474-1A3956D46DE8}") = "src", "src", "{827E0CD3-B72D-47B6-A68D-7590B98EB39B}"
EndProject
Project("{FAE04EC0-301F-11D3-BF4B-00C04F79EFBC}") = "AuctionService", "src\AuctionService\AuctionService.csproj", "{AC3F3E73-A394-97A6-3BC8-5897017D0D01}"
EndProject
Project("{FAE04EC0-301F-11D3-BF4B-00C04F79EFBC}") = "SearchService", "src\SearchService\SearchService.csproj", "{DF9DB4FA-4C5B-4B23-9572-E93934C1F128}"
EndProject
Project("{FAE04EC0-301F-11D3-BF4B-00C04F79EFBC}") = "Contracts", "src\Contracts\Contracts.csproj", "{C43C7392-206A-4ED3-AA78-7DB05570EFAD}"
EndProject
Project("{FAE04EC0-301F-11D3-BF4B-00C04F79EFBC}") = "IdentityService", "src\IdentityService\IdentityService.csproj", "{260A158C-3B52-4111-9665-2E5E25AEBF62}"
EndProject
Project("{FAE04EC0-301F-11D3-BF4B-00C04F79EFBC}") = "GatewayService", "src\GatewayService\GatewayService.csproj", "{D952E9E3-BC30-4348-9D0B-0E7C0131DA27}"
EndProject
Project("{FAE04EC0-301F-11D3-BF4B-00C04F79EFBC}") = "BiddingService", "src\BiddingService\BiddingService.csproj", "{D12BC667-1C72-43A2-9DE8-36037CBB44A2}"
EndProject
Project("{FAE04EC0-301F-11D3-BF4B-00C04F79EFBC}") = "NotificationService", "src\NotificationService\NotificationService.csproj", "{59CC3332-8E73-4D0C-9A1A-130D748A0927}"
EndProject
Project("{2150E333-8FDC-42A3-9474-1A3956D46DE8}") = "test", "test", "{0C88DD14-F956-CE84-757C-A364CCF449FC}"
EndProject
Project("{FAE04EC0-301F-11D3-BF4B-00C04F79EFBC}") = "AuctionService.UnitTests", "test\AuctionService.UnitTests\AuctionService.UnitTests.csproj", "{D1FAE1FA-162F-48DA-8582-E2A25AAD2E10}"
EndProject
Project("{FAE04EC0-301F-11D3-BF4B-00C04F79EFBC}") = "AuctionService.IntegrationTest", "test\AuctionService.IntegrationTest\AuctionService.IntegrationTest.csproj", "{7187FAE9-5945-462A-BE2D-CB7810FBEC49}"
EndProject
Project("{2150E333-8FDC-42A3-9474-1A3956D46DE8}") = "devops", "devops", "{762A869E-424C-4813-B1EE-23280C272B7F}"
EndProject
Project("{2150E333-8FDC-42A3-9474-1A3956D46DE8}") = "k8s", "k8s", "{58D95CAD-BEE9-44CD-A7BB-A0C9C3E6E651}"
	ProjectSection(SolutionItems) = preProject
		devops\k8s\auction-depl.yaml = devops\k8s\auction-depl.yaml
		devops\k8s\bid-depl.yaml = devops\k8s\bid-depl.yaml
		devops\k8s\search-depl.yaml = devops\k8s\search-depl.yaml
		devops\k8s\gateway-depl.yaml = devops\k8s\gateway-depl.yaml
		devops\k8s\local-pvc.yaml = devops\k8s\local-pvc.yaml
		devops\k8s\mongo-depl.yaml = devops\k8s\mongo-depl.yaml
		devops\k8s\notify-depl.yaml = devops\k8s\notify-depl.yaml
		devops\k8s\postgres-depl.yaml = devops\k8s\postgres-depl.yaml
		devops\k8s\rabbit-depl.yaml = devops\k8s\rabbit-depl.yaml
		devops\k8s\webapp.yaml = devops\k8s\webapp.yaml
	EndProjectSection
EndProject
Global
	GlobalSection(SolutionConfigurationPlatforms) = preSolution
		Debug|Any CPU = Debug|Any CPU
		Debug|x64 = Debug|x64
		Debug|x86 = Debug|x86
		Release|Any CPU = Release|Any CPU
		Release|x64 = Release|x64
		Release|x86 = Release|x86
	EndGlobalSection
	GlobalSection(ProjectConfigurationPlatforms) = postSolution
		{AC3F3E73-A394-97A6-3BC8-5897017D0D01}.Debug|Any CPU.ActiveCfg = Debug|Any CPU
		{AC3F3E73-A394-97A6-3BC8-5897017D0D01}.Debug|Any CPU.Build.0 = Debug|Any CPU
		{AC3F3E73-A394-97A6-3BC8-5897017D0D01}.Debug|x64.ActiveCfg = Debug|Any CPU
		{AC3F3E73-A394-97A6-3BC8-5897017D0D01}.Debug|x64.Build.0 = Debug|Any CPU
		{AC3F3E73-A394-97A6-3BC8-5897017D0D01}.Debug|x86.ActiveCfg = Debug|Any CPU
		{AC3F3E73-A394-97A6-3BC8-5897017D0D01}.Debug|x86.Build.0 = Debug|Any CPU
		{AC3F3E73-A394-97A6-3BC8-5897017D0D01}.Release|Any CPU.ActiveCfg = Release|Any CPU
		{AC3F3E73-A394-97A6-3BC8-5897017D0D01}.Release|Any CPU.Build.0 = Release|Any CPU
		{AC3F3E73-A394-97A6-3BC8-5897017D0D01}.Release|x64.ActiveCfg = Release|Any CPU
		{AC3F3E73-A394-97A6-3BC8-5897017D0D01}.Release|x64.Build.0 = Release|Any CPU
		{AC3F3E73-A394-97A6-3BC8-5897017D0D01}.Release|x86.ActiveCfg = Release|Any CPU
		{AC3F3E73-A394-97A6-3BC8-5897017D0D01}.Release|x86.Build.0 = Release|Any CPU
		{DF9DB4FA-4C5B-4B23-9572-E93934C1F128}.Debug|Any CPU.ActiveCfg = Debug|Any CPU
		{DF9DB4FA-4C5B-4B23-9572-E93934C1F128}.Debug|Any CPU.Build.0 = Debug|Any CPU
		{DF9DB4FA-4C5B-4B23-9572-E93934C1F128}.Debug|x64.ActiveCfg = Debug|Any CPU
		{DF9DB4FA-4C5B-4B23-9572-E93934C1F128}.Debug|x64.Build.0 = Debug|Any CPU
		{DF9DB4FA-4C5B-4B23-9572-E93934C1F128}.Debug|x86.ActiveCfg = Debug|Any CPU
		{DF9DB4FA-4C5B-4B23-9572-E93934C1F128}.Debug|x86.Build.0 = Debug|Any CPU
		{DF9DB4FA-4C5B-4B23-9572-E93934C1F128}.Release|Any CPU.ActiveCfg = Release|Any CPU
		{DF9DB4FA-4C5B-4B23-9572-E93934C1F128}.Release|Any CPU.Build.0 = Release|Any CPU
		{DF9DB4FA-4C5B-4B23-9572-E93934C1F128}.Release|x64.ActiveCfg = Release|Any CPU
		{DF9DB4FA-4C5B-4B23-9572-E93934C1F128}.Release|x64.Build.0 = Release|Any CPU
		{DF9DB4FA-4C5B-4B23-9572-E93934C1F128}.Release|x86.ActiveCfg = Release|Any CPU
		{DF9DB4FA-4C5B-4B23-9572-E93934C1F128}.Release|x86.Build.0 = Release|Any CPU
		{C43C7392-206A-4ED3-AA78-7DB05570EFAD}.Debug|Any CPU.ActiveCfg = Debug|Any CPU
		{C43C7392-206A-4ED3-AA78-7DB05570EFAD}.Debug|Any CPU.Build.0 = Debug|Any CPU
		{C43C7392-206A-4ED3-AA78-7DB05570EFAD}.Debug|x64.ActiveCfg = Debug|Any CPU
		{C43C7392-206A-4ED3-AA78-7DB05570EFAD}.Debug|x64.Build.0 = Debug|Any CPU
		{C43C7392-206A-4ED3-AA78-7DB05570EFAD}.Debug|x86.ActiveCfg = Debug|Any CPU
		{C43C7392-206A-4ED3-AA78-7DB05570EFAD}.Debug|x86.Build.0 = Debug|Any CPU
		{C43C7392-206A-4ED3-AA78-7DB05570EFAD}.Release|Any CPU.ActiveCfg = Release|Any CPU
		{C43C7392-206A-4ED3-AA78-7DB05570EFAD}.Release|Any CPU.Build.0 = Release|Any CPU
		{C43C7392-206A-4ED3-AA78-7DB05570EFAD}.Release|x64.ActiveCfg = Release|Any CPU
		{C43C7392-206A-4ED3-AA78-7DB05570EFAD}.Release|x64.Build.0 = Release|Any CPU
		{C43C7392-206A-4ED3-AA78-7DB05570EFAD}.Release|x86.ActiveCfg = Release|Any CPU
		{C43C7392-206A-4ED3-AA78-7DB05570EFAD}.Release|x86.Build.0 = Release|Any CPU
		{260A158C-3B52-4111-9665-2E5E25AEBF62}.Debug|Any CPU.ActiveCfg = Debug|Any CPU
		{260A158C-3B52-4111-9665-2E5E25AEBF62}.Debug|Any CPU.Build.0 = Debug|Any CPU
		{260A158C-3B52-4111-9665-2E5E25AEBF62}.Debug|x64.ActiveCfg = Debug|Any CPU
		{260A158C-3B52-4111-9665-2E5E25AEBF62}.Debug|x64.Build.0 = Debug|Any CPU
		{260A158C-3B52-4111-9665-2E5E25AEBF62}.Debug|x86.ActiveCfg = Debug|Any CPU
		{260A158C-3B52-4111-9665-2E5E25AEBF62}.Debug|x86.Build.0 = Debug|Any CPU
		{260A158C-3B52-4111-9665-2E5E25AEBF62}.Release|Any CPU.ActiveCfg = Release|Any CPU
		{260A158C-3B52-4111-9665-2E5E25AEBF62}.Release|Any CPU.Build.0 = Release|Any CPU
		{260A158C-3B52-4111-9665-2E5E25AEBF62}.Release|x64.ActiveCfg = Release|Any CPU
		{260A158C-3B52-4111-9665-2E5E25AEBF62}.Release|x64.Build.0 = Release|Any CPU
		{260A158C-3B52-4111-9665-2E5E25AEBF62}.Release|x86.ActiveCfg = Release|Any CPU
		{260A158C-3B52-4111-9665-2E5E25AEBF62}.Release|x86.Build.0 = Release|Any CPU
		{D952E9E3-BC30-4348-9D0B-0E7C0131DA27}.Debug|Any CPU.ActiveCfg = Debug|Any CPU
		{D952E9E3-BC30-4348-9D0B-0E7C0131DA27}.Debug|Any CPU.Build.0 = Debug|Any CPU
		{D952E9E3-BC30-4348-9D0B-0E7C0131DA27}.Debug|x64.ActiveCfg = Debug|Any CPU
		{D952E9E3-BC30-4348-9D0B-0E7C0131DA27}.Debug|x64.Build.0 = Debug|Any CPU
		{D952E9E3-BC30-4348-9D0B-0E7C0131DA27}.Debug|x86.ActiveCfg = Debug|Any CPU
		{D952E9E3-BC30-4348-9D0B-0E7C0131DA27}.Debug|x86.Build.0 = Debug|Any CPU
		{D952E9E3-BC30-4348-9D0B-0E7C0131DA27}.Release|Any CPU.ActiveCfg = Release|Any CPU
		{D952E9E3-BC30-4348-9D0B-0E7C0131DA27}.Release|Any CPU.Build.0 = Release|Any CPU
		{D952E9E3-BC30-4348-9D0B-0E7C0131DA27}.Release|x64.ActiveCfg = Release|Any CPU
		{D952E9E3-BC30-4348-9D0B-0E7C0131DA27}.Release|x64.Build.0 = Release|Any CPU
		{D952E9E3-BC30-4348-9D0B-0E7C0131DA27}.Release|x86.ActiveCfg = Release|Any CPU
		{D952E9E3-BC30-4348-9D0B-0E7C0131DA27}.Release|x86.Build.0 = Release|Any CPU
		{D12BC667-1C72-43A2-9DE8-36037CBB44A2}.Debug|Any CPU.ActiveCfg = Debug|Any CPU
		{D12BC667-1C72-43A2-9DE8-36037CBB44A2}.Debug|Any CPU.Build.0 = Debug|Any CPU
		{D12BC667-1C72-43A2-9DE8-36037CBB44A2}.Debug|x64.ActiveCfg = Debug|Any CPU
		{D12BC667-1C72-43A2-9DE8-36037CBB44A2}.Debug|x64.Build.0 = Debug|Any CPU
		{D12BC667-1C72-43A2-9DE8-36037CBB44A2}.Debug|x86.ActiveCfg = Debug|Any CPU
		{D12BC667-1C72-43A2-9DE8-36037CBB44A2}.Debug|x86.Build.0 = Debug|Any CPU
		{D12BC667-1C72-43A2-9DE8-36037CBB44A2}.Release|Any CPU.ActiveCfg = Release|Any CPU
		{D12BC667-1C72-43A2-9DE8-36037CBB44A2}.Release|Any CPU.Build.0 = Release|Any CPU
		{D12BC667-1C72-43A2-9DE8-36037CBB44A2}.Release|x64.ActiveCfg = Release|Any CPU
		{D12BC667-1C72-43A2-9DE8-36037CBB44A2}.Release|x64.Build.0 = Release|Any CPU
		{D12BC667-1C72-43A2-9DE8-36037CBB44A2}.Release|x86.ActiveCfg = Release|Any CPU
		{D12BC667-1C72-43A2-9DE8-36037CBB44A2}.Release|x86.Build.0 = Release|Any CPU
		{59CC3332-8E73-4D0C-9A1A-130D748A0927}.Debug|Any CPU.ActiveCfg = Debug|Any CPU
		{59CC3332-8E73-4D0C-9A1A-130D748A0927}.Debug|Any CPU.Build.0 = Debug|Any CPU
		{59CC3332-8E73-4D0C-9A1A-130D748A0927}.Debug|x64.ActiveCfg = Debug|Any CPU
		{59CC3332-8E73-4D0C-9A1A-130D748A0927}.Debug|x64.Build.0 = Debug|Any CPU
		{59CC3332-8E73-4D0C-9A1A-130D748A0927}.Debug|x86.ActiveCfg = Debug|Any CPU
		{59CC3332-8E73-4D0C-9A1A-130D748A0927}.Debug|x86.Build.0 = Debug|Any CPU
		{59CC3332-8E73-4D0C-9A1A-130D748A0927}.Release|Any CPU.ActiveCfg = Release|Any CPU
		{59CC3332-8E73-4D0C-9A1A-130D748A0927}.Release|Any CPU.Build.0 = Release|Any CPU
		{59CC3332-8E73-4D0C-9A1A-130D748A0927}.Release|x64.ActiveCfg = Release|Any CPU
		{59CC3332-8E73-4D0C-9A1A-130D748A0927}.Release|x64.Build.0 = Release|Any CPU
		{59CC3332-8E73-4D0C-9A1A-130D748A0927}.Release|x86.ActiveCfg = Release|Any CPU
		{59CC3332-8E73-4D0C-9A1A-130D748A0927}.Release|x86.Build.0 = Release|Any CPU
		{D1FAE1FA-162F-48DA-8582-E2A25AAD2E10}.Debug|Any CPU.ActiveCfg = Debug|Any CPU
		{D1FAE1FA-162F-48DA-8582-E2A25AAD2E10}.Debug|Any CPU.Build.0 = Debug|Any CPU
		{D1FAE1FA-162F-48DA-8582-E2A25AAD2E10}.Debug|x64.ActiveCfg = Debug|Any CPU
		{D1FAE1FA-162F-48DA-8582-E2A25AAD2E10}.Debug|x64.Build.0 = Debug|Any CPU
		{D1FAE1FA-162F-48DA-8582-E2A25AAD2E10}.Debug|x86.ActiveCfg = Debug|Any CPU
		{D1FAE1FA-162F-48DA-8582-E2A25AAD2E10}.Debug|x86.Build.0 = Debug|Any CPU
		{D1FAE1FA-162F-48DA-8582-E2A25AAD2E10}.Release|Any CPU.ActiveCfg = Release|Any CPU
		{D1FAE1FA-162F-48DA-8582-E2A25AAD2E10}.Release|Any CPU.Build.0 = Release|Any CPU
		{D1FAE1FA-162F-48DA-8582-E2A25AAD2E10}.Release|x64.ActiveCfg = Release|Any CPU
		{D1FAE1FA-162F-48DA-8582-E2A25AAD2E10}.Release|x64.Build.0 = Release|Any CPU
		{D1FAE1FA-162F-48DA-8582-E2A25AAD2E10}.Release|x86.ActiveCfg = Release|Any CPU
		{D1FAE1FA-162F-48DA-8582-E2A25AAD2E10}.Release|x86.Build.0 = Release|Any CPU
		{7187FAE9-5945-462A-BE2D-CB7810FBEC49}.Debug|Any CPU.ActiveCfg = Debug|Any CPU
		{7187FAE9-5945-462A-BE2D-CB7810FBEC49}.Debug|Any CPU.Build.0 = Debug|Any CPU
		{7187FAE9-5945-462A-BE2D-CB7810FBEC49}.Debug|x64.ActiveCfg = Debug|Any CPU
		{7187FAE9-5945-462A-BE2D-CB7810FBEC49}.Debug|x64.Build.0 = Debug|Any CPU
		{7187FAE9-5945-462A-BE2D-CB7810FBEC49}.Debug|x86.ActiveCfg = Debug|Any CPU
		{7187FAE9-5945-462A-BE2D-CB7810FBEC49}.Debug|x86.Build.0 = Debug|Any CPU
		{7187FAE9-5945-462A-BE2D-CB7810FBEC49}.Release|Any CPU.ActiveCfg = Release|Any CPU
		{7187FAE9-5945-462A-BE2D-CB7810FBEC49}.Release|Any CPU.Build.0 = Release|Any CPU
		{7187FAE9-5945-462A-BE2D-CB7810FBEC49}.Release|x64.ActiveCfg = Release|Any CPU
		{7187FAE9-5945-462A-BE2D-CB7810FBEC49}.Release|x64.Build.0 = Release|Any CPU
		{7187FAE9-5945-462A-BE2D-CB7810FBEC49}.Release|x86.ActiveCfg = Release|Any CPU
		{7187FAE9-5945-462A-BE2D-CB7810FBEC49}.Release|x86.Build.0 = Release|Any CPU
	EndGlobalSection
	GlobalSection(SolutionProperties) = preSolution
		HideSolutionNode = FALSE
	EndGlobalSection
	GlobalSection(NestedProjects) = preSolution
		{AC3F3E73-A394-97A6-3BC8-5897017D0D01} = {827E0CD3-B72D-47B6-A68D-7590B98EB39B}
		{DF9DB4FA-4C5B-4B23-9572-E93934C1F128} = {827E0CD3-B72D-47B6-A68D-7590B98EB39B}
		{C43C7392-206A-4ED3-AA78-7DB05570EFAD} = {827E0CD3-B72D-47B6-A68D-7590B98EB39B}
		{260A158C-3B52-4111-9665-2E5E25AEBF62} = {827E0CD3-B72D-47B6-A68D-7590B98EB39B}
		{D952E9E3-BC30-4348-9D0B-0E7C0131DA27} = {827E0CD3-B72D-47B6-A68D-7590B98EB39B}
		{D12BC667-1C72-43A2-9DE8-36037CBB44A2} = {827E0CD3-B72D-47B6-A68D-7590B98EB39B}
		{59CC3332-8E73-4D0C-9A1A-130D748A0927} = {827E0CD3-B72D-47B6-A68D-7590B98EB39B}
		{D1FAE1FA-162F-48DA-8582-E2A25AAD2E10} = {0C88DD14-F956-CE84-757C-A364CCF449FC}
		{7187FAE9-5945-462A-BE2D-CB7810FBEC49} = {0C88DD14-F956-CE84-757C-A364CCF449FC}
		{58D95CAD-BEE9-44CD-A7BB-A0C9C3E6E651} = {762A869E-424C-4813-B1EE-23280C272B7F}
	EndGlobalSection
	GlobalSection(ExtensibilityGlobals) = postSolution
		SolutionGuid = {FFCB6158-E8F9-43DD-9668-230F2A8A0EC0}
	EndGlobalSection
EndGlobal
